
Microsoft Visual Studio Solution File, Format Version 12.00
# Visual Studio Version 17
VisualStudioVersion = 17.7.34202.233
MinimumVisualStudioVersion = 10.0.40219.1
Project("{FAE04EC0-301F-11D3-BF4B-00C04F79EFBC}") = "C# c нуля", "C# c нуля\C# c нуля.csproj", "{2342D3F7-B4B0-423A-B138-87A0CCDE67BA}"
EndProject
Global
	GlobalSection(SolutionConfigurationPlatforms) = preSolution
		Debug|Any CPU = Debug|Any CPU
		Release|Any CPU = Release|Any CPU
	EndGlobalSection
	GlobalSection(ProjectConfigurationPlatforms) = postSolution
		{2342D3F7-B4B0-423A-B138-87A0CCDE67BA}.Debug|Any CPU.ActiveCfg = Debug|Any CPU
		{2342D3F7-B4B0-423A-B138-87A0CCDE67BA}.Debug|Any CPU.Build.0 = Debug|Any CPU
		{2342D3F7-B4B0-423A-B138-87A0CCDE67BA}.Release|Any CPU.ActiveCfg = Release|Any CPU
		{2342D3F7-B4B0-423A-B138-87A0CCDE67BA}.Release|Any CPU.Build.0 = Release|Any CPU
	EndGlobalSection
	GlobalSection(SolutionProperties) = preSolution
		HideSolutionNode = FALSE
	EndGlobalSection
	GlobalSection(ExtensibilityGlobals) = postSolution
		SolutionGuid = {C933FD5E-12BD-49D3-808F-3CD31ECFD480}
	EndGlobalSection
EndGlobal
